// !$*UTF8*$!
{
	archiveVersion = 1;
	classes = {
	};
	objectVersion = 56;
	objects = {

/* Begin PBXBuildFile section */
		A63064982BC011A50004A1CD /* Movve.framework in Frameworks */ = {isa = PBXBuildFile; fileRef = A63064862BC0119C0004A1CD /* Movve.framework */; };
		A63064A22BC012410004A1CD /* Movie.swift in Sources */ = {isa = PBXBuildFile; fileRef = A63064A12BC012410004A1CD /* Movie.swift */; };
		A63064A42BC012670004A1CD /* MoviesLoader.swift in Sources */ = {isa = PBXBuildFile; fileRef = A63064A32BC012670004A1CD /* MoviesLoader.swift */; };
		A63064A72BC012CC0004A1CD /* RemoteMoviesLoaderTests.swift in Sources */ = {isa = PBXBuildFile; fileRef = A63064A62BC012CC0004A1CD /* RemoteMoviesLoaderTests.swift */; };
		A63064AA2BC017A10004A1CD /* RemoteMoviesLoader.swift in Sources */ = {isa = PBXBuildFile; fileRef = A63064A92BC017A10004A1CD /* RemoteMoviesLoader.swift */; };
		A63064AC2BC02A460004A1CD /* MoviesMapper.swift in Sources */ = {isa = PBXBuildFile; fileRef = A63064AB2BC02A460004A1CD /* MoviesMapper.swift */; };
		A63064AE2BC031710004A1CD /* HTTPClient.swift in Sources */ = {isa = PBXBuildFile; fileRef = A63064AD2BC031710004A1CD /* HTTPClient.swift */; };
		A635B21A2BC1ED6D008FE79A /* URLSessionHTTPClientTests.swift in Sources */ = {isa = PBXBuildFile; fileRef = A635B2192BC1ED6D008FE79A /* URLSessionHTTPClientTests.swift */; };
		A6462BAE2BC3477C0094570D /* XCTestCase+MemoryLeakTracking.swift in Sources */ = {isa = PBXBuildFile; fileRef = A6462BAD2BC3477C0094570D /* XCTestCase+MemoryLeakTracking.swift */; };
		A6462BB02BC348EB0094570D /* URLSessionHTTPClient.swift in Sources */ = {isa = PBXBuildFile; fileRef = A6462BAF2BC348EB0094570D /* URLSessionHTTPClient.swift */; };
		A65EC6982BC561ED00A794A0 /* LocalMoviesLoaderTests.swift in Sources */ = {isa = PBXBuildFile; fileRef = A65EC6972BC561ED00A794A0 /* LocalMoviesLoaderTests.swift */; };
/* End PBXBuildFile section */

/* Begin PBXContainerItemProxy section */
		A63064992BC011A50004A1CD /* PBXContainerItemProxy */ = {
			isa = PBXContainerItemProxy;
			containerPortal = A630647D2BC0119C0004A1CD /* Project object */;
			proxyType = 1;
			remoteGlobalIDString = A63064852BC0119C0004A1CD;
			remoteInfo = Movve;
		};
/* End PBXContainerItemProxy section */

/* Begin PBXFileReference section */
		A63064862BC0119C0004A1CD /* Movve.framework */ = {isa = PBXFileReference; explicitFileType = wrapper.framework; includeInIndex = 0; path = Movve.framework; sourceTree = BUILT_PRODUCTS_DIR; };
		A63064942BC011A50004A1CD /* MovveTests.xctest */ = {isa = PBXFileReference; explicitFileType = wrapper.cfbundle; includeInIndex = 0; path = MovveTests.xctest; sourceTree = BUILT_PRODUCTS_DIR; };
		A630649E2BC011B60004A1CD /* Movve.xctestplan */ = {isa = PBXFileReference; lastKnownFileType = text; path = Movve.xctestplan; sourceTree = "<group>"; };
		A63064A12BC012410004A1CD /* Movie.swift */ = {isa = PBXFileReference; lastKnownFileType = sourcecode.swift; path = Movie.swift; sourceTree = "<group>"; };
		A63064A32BC012670004A1CD /* MoviesLoader.swift */ = {isa = PBXFileReference; lastKnownFileType = sourcecode.swift; path = MoviesLoader.swift; sourceTree = "<group>"; };
		A63064A62BC012CC0004A1CD /* RemoteMoviesLoaderTests.swift */ = {isa = PBXFileReference; lastKnownFileType = sourcecode.swift; path = RemoteMoviesLoaderTests.swift; sourceTree = "<group>"; };
		A63064A92BC017A10004A1CD /* RemoteMoviesLoader.swift */ = {isa = PBXFileReference; lastKnownFileType = sourcecode.swift; path = RemoteMoviesLoader.swift; sourceTree = "<group>"; };
		A63064AB2BC02A460004A1CD /* MoviesMapper.swift */ = {isa = PBXFileReference; lastKnownFileType = sourcecode.swift; path = MoviesMapper.swift; sourceTree = "<group>"; };
		A63064AD2BC031710004A1CD /* HTTPClient.swift */ = {isa = PBXFileReference; lastKnownFileType = sourcecode.swift; path = HTTPClient.swift; sourceTree = "<group>"; };
		A635B2192BC1ED6D008FE79A /* URLSessionHTTPClientTests.swift */ = {isa = PBXFileReference; lastKnownFileType = sourcecode.swift; path = URLSessionHTTPClientTests.swift; sourceTree = "<group>"; };
		A6462BAD2BC3477C0094570D /* XCTestCase+MemoryLeakTracking.swift */ = {isa = PBXFileReference; lastKnownFileType = sourcecode.swift; path = "XCTestCase+MemoryLeakTracking.swift"; sourceTree = "<group>"; };
		A6462BAF2BC348EB0094570D /* URLSessionHTTPClient.swift */ = {isa = PBXFileReference; lastKnownFileType = sourcecode.swift; path = URLSessionHTTPClient.swift; sourceTree = "<group>"; };
		A65EC6972BC561ED00A794A0 /* LocalMoviesLoaderTests.swift */ = {isa = PBXFileReference; lastKnownFileType = sourcecode.swift; path = LocalMoviesLoaderTests.swift; sourceTree = "<group>"; };
/* End PBXFileReference section */

/* Begin PBXFrameworksBuildPhase section */
		A63064832BC0119C0004A1CD /* Frameworks */ = {
			isa = PBXFrameworksBuildPhase;
			buildActionMask = 2147483647;
			files = (
			);
			runOnlyForDeploymentPostprocessing = 0;
		};
		A63064912BC011A50004A1CD /* Frameworks */ = {
			isa = PBXFrameworksBuildPhase;
			buildActionMask = 2147483647;
			files = (
				A63064982BC011A50004A1CD /* Movve.framework in Frameworks */,
			);
			runOnlyForDeploymentPostprocessing = 0;
		};
/* End PBXFrameworksBuildPhase section */

/* Begin PBXGroup section */
		A630647C2BC0119C0004A1CD = {
			isa = PBXGroup;
			children = (
				A630649E2BC011B60004A1CD /* Movve.xctestplan */,
				A63064882BC0119C0004A1CD /* Movve */,
				A63064952BC011A50004A1CD /* MovveTests */,
				A63064872BC0119C0004A1CD /* Products */,
			);
			sourceTree = "<group>";
		};
		A63064872BC0119C0004A1CD /* Products */ = {
			isa = PBXGroup;
			children = (
				A63064862BC0119C0004A1CD /* Movve.framework */,
				A63064942BC011A50004A1CD /* MovveTests.xctest */,
			);
			name = Products;
			sourceTree = "<group>";
		};
		A63064882BC0119C0004A1CD /* Movve */ = {
			isa = PBXGroup;
			children = (
				A63064A52BC012A60004A1CD /* Movies Feature */,
				A63064A82BC0178D0004A1CD /* Movies API */,
			);
			path = Movve;
			sourceTree = "<group>";
		};
		A63064952BC011A50004A1CD /* MovveTests */ = {
			isa = PBXGroup;
			children = (
				A65EC6942BC561B800A794A0 /* Movies Cache */,
				A63064AF2BC0319A0004A1CD /* Movies API */,
			);
			path = MovveTests;
			sourceTree = "<group>";
		};
		A63064A52BC012A60004A1CD /* Movies Feature */ = {
			isa = PBXGroup;
			children = (
				A63064A12BC012410004A1CD /* Movie.swift */,
				A63064A32BC012670004A1CD /* MoviesLoader.swift */,
			);
			path = "Movies Feature";
			sourceTree = "<group>";
		};
		A63064A82BC0178D0004A1CD /* Movies API */ = {
			isa = PBXGroup;
			children = (
				A63064A92BC017A10004A1CD /* RemoteMoviesLoader.swift */,
				A63064AB2BC02A460004A1CD /* MoviesMapper.swift */,
				A63064AD2BC031710004A1CD /* HTTPClient.swift */,
				A6462BAF2BC348EB0094570D /* URLSessionHTTPClient.swift */,
			);
			path = "Movies API";
			sourceTree = "<group>";
		};
		A63064AF2BC0319A0004A1CD /* Movies API */ = {
			isa = PBXGroup;
			children = (
				A6462BAC2BC347450094570D /* Helpers */,
				A63064A62BC012CC0004A1CD /* RemoteMoviesLoaderTests.swift */,
				A635B2192BC1ED6D008FE79A /* URLSessionHTTPClientTests.swift */,
			);
			path = "Movies API";
			sourceTree = "<group>";
		};
		A6462BAC2BC347450094570D /* Helpers */ = {
			isa = PBXGroup;
			children = (
				A6462BAD2BC3477C0094570D /* XCTestCase+MemoryLeakTracking.swift */,
			);
			path = Helpers;
			sourceTree = "<group>";
		};
		A65EC6942BC561B800A794A0 /* Movies Cache */ = {
			isa = PBXGroup;
			children = (
				A65EC6972BC561ED00A794A0 /* LocalMoviesLoaderTests.swift */,
			);
			path = "Movies Cache";
			sourceTree = "<group>";
		};
/* End PBXGroup section */

/* Begin PBXHeadersBuildPhase section */
		A63064812BC0119C0004A1CD /* Headers */ = {
			isa = PBXHeadersBuildPhase;
			buildActionMask = 2147483647;
			files = (
			);
			runOnlyForDeploymentPostprocessing = 0;
		};
/* End PBXHeadersBuildPhase section */

/* Begin PBXNativeTarget section */
		A63064852BC0119C0004A1CD /* Movve */ = {
			isa = PBXNativeTarget;
			buildConfigurationList = A630648D2BC0119C0004A1CD /* Build configuration list for PBXNativeTarget "Movve" */;
			buildPhases = (
				A63064812BC0119C0004A1CD /* Headers */,
				A63064822BC0119C0004A1CD /* Sources */,
				A63064832BC0119C0004A1CD /* Frameworks */,
				A63064842BC0119C0004A1CD /* Resources */,
			);
			buildRules = (
			);
			dependencies = (
			);
			name = Movve;
			productName = Movve;
			productReference = A63064862BC0119C0004A1CD /* Movve.framework */;
			productType = "com.apple.product-type.framework";
		};
		A63064932BC011A50004A1CD /* MovveTests */ = {
			isa = PBXNativeTarget;
			buildConfigurationList = A630649B2BC011A50004A1CD /* Build configuration list for PBXNativeTarget "MovveTests" */;
			buildPhases = (
				A63064902BC011A50004A1CD /* Sources */,
				A63064912BC011A50004A1CD /* Frameworks */,
				A63064922BC011A50004A1CD /* Resources */,
			);
			buildRules = (
			);
			dependencies = (
				A630649A2BC011A50004A1CD /* PBXTargetDependency */,
			);
			name = MovveTests;
			productName = MovveTests;
			productReference = A63064942BC011A50004A1CD /* MovveTests.xctest */;
			productType = "com.apple.product-type.bundle.unit-test";
		};
/* End PBXNativeTarget section */

/* Begin PBXProject section */
		A630647D2BC0119C0004A1CD /* Project object */ = {
			isa = PBXProject;
			attributes = {
				BuildIndependentTargetsInParallel = 1;
				LastSwiftUpdateCheck = 1520;
				LastUpgradeCheck = 1520;
				TargetAttributes = {
					A63064852BC0119C0004A1CD = {
						CreatedOnToolsVersion = 15.2;
						LastSwiftMigration = 1520;
					};
					A63064932BC011A50004A1CD = {
						CreatedOnToolsVersion = 15.2;
						LastSwiftMigration = 1520;
					};
				};
			};
			buildConfigurationList = A63064802BC0119C0004A1CD /* Build configuration list for PBXProject "Movve" */;
			compatibilityVersion = "Xcode 14.0";
			developmentRegion = en;
			hasScannedForEncodings = 0;
			knownRegions = (
				en,
				Base,
			);
			mainGroup = A630647C2BC0119C0004A1CD;
			productRefGroup = A63064872BC0119C0004A1CD /* Products */;
			projectDirPath = "";
			projectRoot = "";
			targets = (
				A63064852BC0119C0004A1CD /* Movve */,
				A63064932BC011A50004A1CD /* MovveTests */,
			);
		};
/* End PBXProject section */

/* Begin PBXResourcesBuildPhase section */
		A63064842BC0119C0004A1CD /* Resources */ = {
			isa = PBXResourcesBuildPhase;
			buildActionMask = 2147483647;
			files = (
			);
			runOnlyForDeploymentPostprocessing = 0;
		};
		A63064922BC011A50004A1CD /* Resources */ = {
			isa = PBXResourcesBuildPhase;
			buildActionMask = 2147483647;
			files = (
			);
			runOnlyForDeploymentPostprocessing = 0;
		};
/* End PBXResourcesBuildPhase section */

/* Begin PBXSourcesBuildPhase section */
		A63064822BC0119C0004A1CD /* Sources */ = {
			isa = PBXSourcesBuildPhase;
			buildActionMask = 2147483647;
			files = (
				A63064A22BC012410004A1CD /* Movie.swift in Sources */,
				A63064AE2BC031710004A1CD /* HTTPClient.swift in Sources */,
				A63064AC2BC02A460004A1CD /* MoviesMapper.swift in Sources */,
				A63064A42BC012670004A1CD /* MoviesLoader.swift in Sources */,
				A63064AA2BC017A10004A1CD /* RemoteMoviesLoader.swift in Sources */,
				A6462BB02BC348EB0094570D /* URLSessionHTTPClient.swift in Sources */,
			);
			runOnlyForDeploymentPostprocessing = 0;
		};
		A63064902BC011A50004A1CD /* Sources */ = {
			isa = PBXSourcesBuildPhase;
			buildActionMask = 2147483647;
			files = (
				A63064A72BC012CC0004A1CD /* RemoteMoviesLoaderTests.swift in Sources */,
				A635B21A2BC1ED6D008FE79A /* URLSessionHTTPClientTests.swift in Sources */,
				A6462BAE2BC3477C0094570D /* XCTestCase+MemoryLeakTracking.swift in Sources */,
				A65EC6982BC561ED00A794A0 /* LocalMoviesLoaderTests.swift in Sources */,
			);
			runOnlyForDeploymentPostprocessing = 0;
		};
/* End PBXSourcesBuildPhase section */

/* Begin PBXTargetDependency section */
		A630649A2BC011A50004A1CD /* PBXTargetDependency */ = {
			isa = PBXTargetDependency;
			target = A63064852BC0119C0004A1CD /* Movve */;
			targetProxy = A63064992BC011A50004A1CD /* PBXContainerItemProxy */;
		};
/* End PBXTargetDependency section */

/* Begin XCBuildConfiguration section */
		A630648B2BC0119C0004A1CD /* Debug */ = {
			isa = XCBuildConfiguration;
			buildSettings = {
				ALWAYS_SEARCH_USER_PATHS = NO;
				ASSETCATALOG_COMPILER_GENERATE_SWIFT_ASSET_SYMBOL_EXTENSIONS = YES;
				CLANG_ANALYZER_NONNULL = YES;
				CLANG_ANALYZER_NUMBER_OBJECT_CONVERSION = YES_AGGRESSIVE;
				CLANG_CXX_LANGUAGE_STANDARD = "gnu++20";
				CLANG_ENABLE_MODULES = YES;
				CLANG_ENABLE_OBJC_ARC = YES;
				CLANG_ENABLE_OBJC_WEAK = YES;
				CLANG_WARN_BLOCK_CAPTURE_AUTORELEASING = YES;
				CLANG_WARN_BOOL_CONVERSION = YES;
				CLANG_WARN_COMMA = YES;
				CLANG_WARN_CONSTANT_CONVERSION = YES;
				CLANG_WARN_DEPRECATED_OBJC_IMPLEMENTATIONS = YES;
				CLANG_WARN_DIRECT_OBJC_ISA_USAGE = YES_ERROR;
				CLANG_WARN_DOCUMENTATION_COMMENTS = YES;
				CLANG_WARN_EMPTY_BODY = YES;
				CLANG_WARN_ENUM_CONVERSION = YES;
				CLANG_WARN_INFINITE_RECURSION = YES;
				CLANG_WARN_INT_CONVERSION = YES;
				CLANG_WARN_NON_LITERAL_NULL_CONVERSION = YES;
				CLANG_WARN_OBJC_IMPLICIT_RETAIN_SELF = YES;
				CLANG_WARN_OBJC_LITERAL_CONVERSION = YES;
				CLANG_WARN_OBJC_ROOT_CLASS = YES_ERROR;
				CLANG_WARN_QUOTED_INCLUDE_IN_FRAMEWORK_HEADER = YES;
				CLANG_WARN_RANGE_LOOP_ANALYSIS = YES;
				CLANG_WARN_STRICT_PROTOTYPES = YES;
				CLANG_WARN_SUSPICIOUS_MOVE = YES;
				CLANG_WARN_UNGUARDED_AVAILABILITY = YES_AGGRESSIVE;
				CLANG_WARN_UNREACHABLE_CODE = YES;
				CLANG_WARN__DUPLICATE_METHOD_MATCH = YES;
				COPY_PHASE_STRIP = NO;
				CURRENT_PROJECT_VERSION = 1;
				DEBUG_INFORMATION_FORMAT = dwarf;
				ENABLE_STRICT_OBJC_MSGSEND = YES;
				ENABLE_TESTABILITY = YES;
				ENABLE_USER_SCRIPT_SANDBOXING = YES;
				GCC_C_LANGUAGE_STANDARD = gnu17;
				GCC_DYNAMIC_NO_PIC = NO;
				GCC_NO_COMMON_BLOCKS = YES;
				GCC_OPTIMIZATION_LEVEL = 0;
				GCC_PREPROCESSOR_DEFINITIONS = (
					"DEBUG=1",
					"$(inherited)",
				);
				GCC_WARN_64_TO_32_BIT_CONVERSION = YES;
				GCC_WARN_ABOUT_RETURN_TYPE = YES_ERROR;
				GCC_WARN_UNDECLARED_SELECTOR = YES;
				GCC_WARN_UNINITIALIZED_AUTOS = YES_AGGRESSIVE;
				GCC_WARN_UNUSED_FUNCTION = YES;
				GCC_WARN_UNUSED_VARIABLE = YES;
				LOCALIZATION_PREFERS_STRING_CATALOGS = YES;
				MACOSX_DEPLOYMENT_TARGET = 14.2;
				MTL_ENABLE_DEBUG_INFO = INCLUDE_SOURCE;
				MTL_FAST_MATH = YES;
				ONLY_ACTIVE_ARCH = YES;
				SDKROOT = macosx;
				SWIFT_ACTIVE_COMPILATION_CONDITIONS = "DEBUG $(inherited)";
				SWIFT_OPTIMIZATION_LEVEL = "-Onone";
				VERSIONING_SYSTEM = "apple-generic";
				VERSION_INFO_PREFIX = "";
			};
			name = Debug;
		};
		A630648C2BC0119C0004A1CD /* Release */ = {
			isa = XCBuildConfiguration;
			buildSettings = {
				ALWAYS_SEARCH_USER_PATHS = NO;
				ASSETCATALOG_COMPILER_GENERATE_SWIFT_ASSET_SYMBOL_EXTENSIONS = YES;
				CLANG_ANALYZER_NONNULL = YES;
				CLANG_ANALYZER_NUMBER_OBJECT_CONVERSION = YES_AGGRESSIVE;
				CLANG_CXX_LANGUAGE_STANDARD = "gnu++20";
				CLANG_ENABLE_MODULES = YES;
				CLANG_ENABLE_OBJC_ARC = YES;
				CLANG_ENABLE_OBJC_WEAK = YES;
				CLANG_WARN_BLOCK_CAPTURE_AUTORELEASING = YES;
				CLANG_WARN_BOOL_CONVERSION = YES;
				CLANG_WARN_COMMA = YES;
				CLANG_WARN_CONSTANT_CONVERSION = YES;
				CLANG_WARN_DEPRECATED_OBJC_IMPLEMENTATIONS = YES;
				CLANG_WARN_DIRECT_OBJC_ISA_USAGE = YES_ERROR;
				CLANG_WARN_DOCUMENTATION_COMMENTS = YES;
				CLANG_WARN_EMPTY_BODY = YES;
				CLANG_WARN_ENUM_CONVERSION = YES;
				CLANG_WARN_INFINITE_RECURSION = YES;
				CLANG_WARN_INT_CONVERSION = YES;
				CLANG_WARN_NON_LITERAL_NULL_CONVERSION = YES;
				CLANG_WARN_OBJC_IMPLICIT_RETAIN_SELF = YES;
				CLANG_WARN_OBJC_LITERAL_CONVERSION = YES;
				CLANG_WARN_OBJC_ROOT_CLASS = YES_ERROR;
				CLANG_WARN_QUOTED_INCLUDE_IN_FRAMEWORK_HEADER = YES;
				CLANG_WARN_RANGE_LOOP_ANALYSIS = YES;
				CLANG_WARN_STRICT_PROTOTYPES = YES;
				CLANG_WARN_SUSPICIOUS_MOVE = YES;
				CLANG_WARN_UNGUARDED_AVAILABILITY = YES_AGGRESSIVE;
				CLANG_WARN_UNREACHABLE_CODE = YES;
				CLANG_WARN__DUPLICATE_METHOD_MATCH = YES;
				COPY_PHASE_STRIP = NO;
				CURRENT_PROJECT_VERSION = 1;
				DEBUG_INFORMATION_FORMAT = "dwarf-with-dsym";
				ENABLE_NS_ASSERTIONS = NO;
				ENABLE_STRICT_OBJC_MSGSEND = YES;
				ENABLE_USER_SCRIPT_SANDBOXING = YES;
				GCC_C_LANGUAGE_STANDARD = gnu17;
				GCC_NO_COMMON_BLOCKS = YES;
				GCC_WARN_64_TO_32_BIT_CONVERSION = YES;
				GCC_WARN_ABOUT_RETURN_TYPE = YES_ERROR;
				GCC_WARN_UNDECLARED_SELECTOR = YES;
				GCC_WARN_UNINITIALIZED_AUTOS = YES_AGGRESSIVE;
				GCC_WARN_UNUSED_FUNCTION = YES;
				GCC_WARN_UNUSED_VARIABLE = YES;
				LOCALIZATION_PREFERS_STRING_CATALOGS = YES;
				MACOSX_DEPLOYMENT_TARGET = 14.2;
				MTL_ENABLE_DEBUG_INFO = NO;
				MTL_FAST_MATH = YES;
				SDKROOT = macosx;
				SWIFT_COMPILATION_MODE = wholemodule;
				VERSIONING_SYSTEM = "apple-generic";
				VERSION_INFO_PREFIX = "";
			};
			name = Release;
		};
		A630648E2BC0119C0004A1CD /* Debug */ = {
			isa = XCBuildConfiguration;
			buildSettings = {
				CLANG_ENABLE_MODULES = YES;
				CODE_SIGN_STYLE = Automatic;
				COMBINE_HIDPI_IMAGES = YES;
				CURRENT_PROJECT_VERSION = 1;
				DEFINES_MODULE = YES;
				DYLIB_COMPATIBILITY_VERSION = 1;
				DYLIB_CURRENT_VERSION = 1;
				DYLIB_INSTALL_NAME_BASE = "@rpath";
				ENABLE_MODULE_VERIFIER = YES;
				GENERATE_INFOPLIST_FILE = YES;
				INFOPLIST_KEY_NSHumanReadableCopyright = "";
				INSTALL_PATH = "$(LOCAL_LIBRARY_DIR)/Frameworks";
				LD_RUNPATH_SEARCH_PATHS = (
					"$(inherited)",
					"@executable_path/../Frameworks",
					"@loader_path/Frameworks",
				);
				MARKETING_VERSION = 1.0;
				MODULE_VERIFIER_SUPPORTED_LANGUAGES = "objective-c objective-c++";
				MODULE_VERIFIER_SUPPORTED_LANGUAGE_STANDARDS = "gnu17 gnu++20";
				PRODUCT_BUNDLE_IDENTIFIER = "com.glusac-petar.Movve";
				PRODUCT_NAME = "$(TARGET_NAME:c99extidentifier)";
				SKIP_INSTALL = YES;
				SWIFT_EMIT_LOC_STRINGS = YES;
				SWIFT_OPTIMIZATION_LEVEL = "-Onone";
				SWIFT_VERSION = 5.0;
			};
			name = Debug;
		};
		A630648F2BC0119C0004A1CD /* Release */ = {
			isa = XCBuildConfiguration;
			buildSettings = {
				CLANG_ENABLE_MODULES = YES;
				CODE_SIGN_STYLE = Automatic;
				COMBINE_HIDPI_IMAGES = YES;
				CURRENT_PROJECT_VERSION = 1;
				DEFINES_MODULE = YES;
				DYLIB_COMPATIBILITY_VERSION = 1;
				DYLIB_CURRENT_VERSION = 1;
				DYLIB_INSTALL_NAME_BASE = "@rpath";
				ENABLE_MODULE_VERIFIER = YES;
				GENERATE_INFOPLIST_FILE = YES;
				INFOPLIST_KEY_NSHumanReadableCopyright = "";
				INSTALL_PATH = "$(LOCAL_LIBRARY_DIR)/Frameworks";
				LD_RUNPATH_SEARCH_PATHS = (
					"$(inherited)",
					"@executable_path/../Frameworks",
					"@loader_path/Frameworks",
				);
				MARKETING_VERSION = 1.0;
				MODULE_VERIFIER_SUPPORTED_LANGUAGES = "objective-c objective-c++";
				MODULE_VERIFIER_SUPPORTED_LANGUAGE_STANDARDS = "gnu17 gnu++20";
				PRODUCT_BUNDLE_IDENTIFIER = "com.glusac-petar.Movve";
				PRODUCT_NAME = "$(TARGET_NAME:c99extidentifier)";
				SKIP_INSTALL = YES;
				SWIFT_EMIT_LOC_STRINGS = YES;
				SWIFT_VERSION = 5.0;
			};
			name = Release;
		};
		A630649C2BC011A50004A1CD /* Debug */ = {
			isa = XCBuildConfiguration;
			buildSettings = {
				ALWAYS_EMBED_SWIFT_STANDARD_LIBRARIES = YES;
				CLANG_ENABLE_MODULES = YES;
				CODE_SIGN_STYLE = Automatic;
				CURRENT_PROJECT_VERSION = 1;
				GENERATE_INFOPLIST_FILE = YES;
				MARKETING_VERSION = 1.0;
				PRODUCT_BUNDLE_IDENTIFIER = "com.glusac-petar.MovveTests";
				PRODUCT_NAME = "$(TARGET_NAME)";
				SWIFT_EMIT_LOC_STRINGS = NO;
				SWIFT_OPTIMIZATION_LEVEL = "-Onone";
				SWIFT_VERSION = 5.0;
			};
			name = Debug;
		};
		A630649D2BC011A50004A1CD /* Release */ = {
			isa = XCBuildConfiguration;
			buildSettings = {
				ALWAYS_EMBED_SWIFT_STANDARD_LIBRARIES = YES;
				CLANG_ENABLE_MODULES = YES;
				CODE_SIGN_STYLE = Automatic;
				CURRENT_PROJECT_VERSION = 1;
				GENERATE_INFOPLIST_FILE = YES;
				MARKETING_VERSION = 1.0;
				PRODUCT_BUNDLE_IDENTIFIER = "com.glusac-petar.MovveTests";
				PRODUCT_NAME = "$(TARGET_NAME)";
				SWIFT_EMIT_LOC_STRINGS = NO;
				SWIFT_VERSION = 5.0;
			};
			name = Release;
		};
/* End XCBuildConfiguration section */

/* Begin XCConfigurationList section */
		A63064802BC0119C0004A1CD /* Build configuration list for PBXProject "Movve" */ = {
			isa = XCConfigurationList;
			buildConfigurations = (
				A630648B2BC0119C0004A1CD /* Debug */,
				A630648C2BC0119C0004A1CD /* Release */,
			);
			defaultConfigurationIsVisible = 0;
			defaultConfigurationName = Release;
		};
		A630648D2BC0119C0004A1CD /* Build configuration list for PBXNativeTarget "Movve" */ = {
			isa = XCConfigurationList;
			buildConfigurations = (
				A630648E2BC0119C0004A1CD /* Debug */,
				A630648F2BC0119C0004A1CD /* Release */,
			);
			defaultConfigurationIsVisible = 0;
			defaultConfigurationName = Release;
		};
		A630649B2BC011A50004A1CD /* Build configuration list for PBXNativeTarget "MovveTests" */ = {
			isa = XCConfigurationList;
			buildConfigurations = (
				A630649C2BC011A50004A1CD /* Debug */,
				A630649D2BC011A50004A1CD /* Release */,
			);
			defaultConfigurationIsVisible = 0;
			defaultConfigurationName = Release;
		};
/* End XCConfigurationList section */
	};
	rootObject = A630647D2BC0119C0004A1CD /* Project object */;
}
